<?xml version="1.0" encoding="utf-8"?>
<Project ToolsVersion="4.0" xmlns="http://schemas.microsoft.com/developer/msbuild/2003">
  <ItemGroup>
    <Filter Include="Source Files">
      <UniqueIdentifier>{4FC737F1-C7A5-4376-A066-2A32D752A2FF}</UniqueIdentifier>
      <Extensions>cpp;c;cc;cxx;def;odl;idl;hpj;bat;asm;asmx</Extensions>
    </Filter>
    <Filter Include="Header Files">
      <UniqueIdentifier>{93995380-89BD-4b04-88EB-625FBE52EBFB}</UniqueIdentifier>
      <Extensions>h;hpp;hxx;hm;inl;inc;xsd</Extensions>
    </Filter>
    <Filter Include="Resource Files">
      <UniqueIdentifier>{67DA6AB6-F800-4c08-8B7A-83BB121AAD01}</UniqueIdentifier>
      <Extensions>rc;ico;cur;bmp;dlg;rc2;rct;bin;rgs;gif;jpg;jpeg;jpe;resx;tiff;tif;png;wav;mfcribbon-ms</Extensions>
    </Filter>
  </ItemGroup>
  <ItemGroup>
    <ClInclude Include="iGraphics.h">
      <Filter>Header Files</Filter>
    </ClInclude>
    <ClInclude Include="glaux.h">
      <Filter>Header Files</Filter>
    </ClInclude>
    <ClInclude Include="glut.h">
      <Filter>Header Files</Filter>
    </ClInclude>
    <ClInclude Include="bitmap_loader.h">
      <Filter>Header Files</Filter>
    </ClInclude>
    <ClInclude Include="stb_image.h">
      <Filter>Header Files</Filter>
    </ClInclude>
  </ItemGroup>
  <ItemGroup>
    <ClCompile Include="iMain.cpp">
      <Filter>Source Files</Filter>
    </ClCompile>
  </ItemGroup>
  <ItemGroup>
    <None Include="images\coin1.png">
      <Filter>Resource Files</Filter>
    </None>
    <None Include="images\coin2.png">
      <Filter>Resource Files</Filter>
    </None>
    <None Include="images\coins.png">
      <Filter>Resource Files</Filter>
    </None>
    <None Include="images\creditButton.png">
      <Filter>Resource Files</Filter>
    </None>
    <None Include="images\creditPage.jpg">
      <Filter>Resource Files</Filter>
    </None>
    <None Include="images\difficultyButton.png">
      <Filter>Resource Files</Filter>
    </None>
    <None Include="images\difficultyPage.jpg">
      <Filter>Resource Files</Filter>
    </None>
    <None Include="images\exitButton.png">
      <Filter>Resource Files</Filter>
    </None>
    <None Include="images\extralife.png">
      <Filter>Resource Files</Filter>
    </None>
    <None Include="images\gamebgday.jpg">
      <Filter>Resource Files</Filter>
    </None>
    <None Include="images\gamebgnight.jpg">
      <Filter>Resource Files</Filter>
    </None>
    <None Include="images\gameoverPage.jpg">
      <Filter>Resource Files</Filter>
    </None>
    <None Include="images\greenButton.png">
      <Filter>Resource Files</Filter>
    </None>
    <None Include="images\highscoreButton.png">
      <Filter>Resource Files</Filter>
    </None>
    <None Include="images\highscorePage.jpg">
      <Filter>Resource Files</Filter>
    </None>
    <None Include="images\instructionButton.png">
      <Filter>Resource Files</Filter>
    </None>
    <None Include="images\instructionPage.jpg">
      <Filter>Resource Files</Filter>
    </None>
    <None Include="images\levelup.png">
      <Filter>Resource Files</Filter>
    </None>
    <None Include="images\loadingbg.jpg">
      <Filter>Resource Files</Filter>
    </None>
    <None Include="images\menuPage.jpg">
      <Filter>Resource Files</Filter>
    </None>
    <None Include="images\modeButton.png">
      <Filter>Resource Files</Filter>
    </None>
    <None Include="images\modePage.jpg">
      <Filter>Resource Files</Filter>
    </None>
    <None Include="images\nitro.png">
      <Filter>Resource Files</Filter>
    </None>
    <None Include="images\playButton.png">
      <Filter>Resource Files</Filter>
    </None>
    <None Include="images\player.png">
      <Filter>Resource Files</Filter>
    </None>
    <None Include="images\step.png">
      <Filter>Resource Files</Filter>
    </None>
    <None Include="images\traffic1.png">
      <Filter>Resource Files</Filter>
    </None>
    <None Include="images\traffic2.png">
      <Filter>Resource Files</Filter>
    </None>
    <None Include="images\traffic3.png">
      <Filter>Resource Files</Filter>
    </None>
    <None Include="images\traffic4.png">
      <Filter>Resource Files</Filter>
    </None>
    <None Include="images\traffic5.png">
      <Filter>Resource Files</Filter>
    </None>
    <None Include="images\traffic6.png">
      <Filter>Resource Files</Filter>
    </None>
    <None Include="images\traffic7.png">
      <Filter>Resource Files</Filter>
    </None>
    <None Include="images\traffic8.png">
      <Filter>Resource Files</Filter>
    </None>
    <None Include="images\boom.png">
      <Filter>Resource Files</Filter>
    </None>
    <None Include="images\CARS SD_cars.jpg">
      <Filter>Resource Files</Filter>
    </None>
  </ItemGroup>
</Project>